// !$*UTF8*$!
{
	archiveVersion = 1;
	classes = {
	};
	objectVersion = 50;
	objects = {

/* Begin PBXBuildFile section */
		387E36BC26F267DD00801167 /* LandmarkDetail.swift in Sources */ = {isa = PBXBuildFile; fileRef = 387E36BB26F267DD00801167 /* LandmarkDetail.swift */; };
		387E36BE26F268A800801167 /* HexagonParameters.swift in Sources */ = {isa = PBXBuildFile; fileRef = 387E36BD26F268A800801167 /* HexagonParameters.swift */; };
		387E36C026F26C2200801167 /* BadgeBackground.swift in Sources */ = {isa = PBXBuildFile; fileRef = 387E36BF26F26C2200801167 /* BadgeBackground.swift */; };
		387E36C226F2708300801167 /* BadgeSymbol.swift in Sources */ = {isa = PBXBuildFile; fileRef = 387E36C126F2708300801167 /* BadgeSymbol.swift */; };
		387E36C426F2740F00801167 /* RotatedBadgeSymbol.swift in Sources */ = {isa = PBXBuildFile; fileRef = 387E36C326F2740F00801167 /* RotatedBadgeSymbol.swift */; };
		387E36C626F2748F00801167 /* Badge.swift in Sources */ = {isa = PBXBuildFile; fileRef = 387E36C526F2748F00801167 /* Badge.swift */; };
		838B089326EAE5FC00C4E35D /* LandmarksApp.swift in Sources */ = {isa = PBXBuildFile; fileRef = 838B089226EAE5FC00C4E35D /* LandmarksApp.swift */; };
		838B089526EAE5FC00C4E35D /* ContentView.swift in Sources */ = {isa = PBXBuildFile; fileRef = 838B089426EAE5FC00C4E35D /* ContentView.swift */; };
		838B089726EAE5FC00C4E35D /* Assets.xcassets in Resources */ = {isa = PBXBuildFile; fileRef = 838B089626EAE5FC00C4E35D /* Assets.xcassets */; };
		838B089A26EAE5FC00C4E35D /* Preview Assets.xcassets in Resources */ = {isa = PBXBuildFile; fileRef = 838B089926EAE5FC00C4E35D /* Preview Assets.xcassets */; };
		838B08A426EAED0400C4E35D /* MapView.swift in Sources */ = {isa = PBXBuildFile; fileRef = 838B08A326EAED0400C4E35D /* MapView.swift */; };
		838B08A626EE6B1200C4E35D /* landmarkData.json in Resources */ = {isa = PBXBuildFile; fileRef = 838B08A526EE6B1200C4E35D /* landmarkData.json */; };
		838B08A826EE6B4B00C4E35D /* Landmark.swift in Sources */ = {isa = PBXBuildFile; fileRef = 838B08A726EE6B4B00C4E35D /* Landmark.swift */; };
		838B08AA26EE6C7E00C4E35D /* ModelData.swift in Sources */ = {isa = PBXBuildFile; fileRef = 838B08A926EE6C7E00C4E35D /* ModelData.swift */; };
		838B08B126EE812900C4E35D /* LandmarkRow.swift in Sources */ = {isa = PBXBuildFile; fileRef = 838B08B026EE812900C4E35D /* LandmarkRow.swift */; };
		838B08B326EE84F700C4E35D /* LandmarkList.swift in Sources */ = {isa = PBXBuildFile; fileRef = 838B08B226EE84F700C4E35D /* LandmarkList.swift */; };
		838B08B726EE898000C4E35D /* CircleImage.swift in Sources */ = {isa = PBXBuildFile; fileRef = 838B08B626EE898000C4E35D /* CircleImage.swift */; };
		838B08B926EED16500C4E35D /* FavoriteButton.swift in Sources */ = {isa = PBXBuildFile; fileRef = 838B08B826EED16500C4E35D /* FavoriteButton.swift */; };
/* End PBXBuildFile section */

/* Begin PBXFileReference section */
		387E36BB26F267DD00801167 /* LandmarkDetail.swift */ = {isa = PBXFileReference; lastKnownFileType = sourcecode.swift; path = LandmarkDetail.swift; sourceTree = "<group>"; };
		387E36BD26F268A800801167 /* HexagonParameters.swift */ = {isa = PBXFileReference; lastKnownFileType = sourcecode.swift; path = HexagonParameters.swift; sourceTree = "<group>"; };
		387E36BF26F26C2200801167 /* BadgeBackground.swift */ = {isa = PBXFileReference; lastKnownFileType = sourcecode.swift; path = BadgeBackground.swift; sourceTree = "<group>"; };
		387E36C126F2708300801167 /* BadgeSymbol.swift */ = {isa = PBXFileReference; lastKnownFileType = sourcecode.swift; path = BadgeSymbol.swift; sourceTree = "<group>"; };
		387E36C326F2740F00801167 /* RotatedBadgeSymbol.swift */ = {isa = PBXFileReference; lastKnownFileType = sourcecode.swift; path = RotatedBadgeSymbol.swift; sourceTree = "<group>"; };
		387E36C526F2748F00801167 /* Badge.swift */ = {isa = PBXFileReference; lastKnownFileType = sourcecode.swift; path = Badge.swift; sourceTree = "<group>"; };
		838B088F26EAE5FC00C4E35D /* Landmarks.app */ = {isa = PBXFileReference; explicitFileType = wrapper.application; includeInIndex = 0; path = Landmarks.app; sourceTree = BUILT_PRODUCTS_DIR; };
		838B089226EAE5FC00C4E35D /* LandmarksApp.swift */ = {isa = PBXFileReference; lastKnownFileType = sourcecode.swift; path = LandmarksApp.swift; sourceTree = "<group>"; };
		838B089426EAE5FC00C4E35D /* ContentView.swift */ = {isa = PBXFileReference; lastKnownFileType = sourcecode.swift; path = ContentView.swift; sourceTree = "<group>"; };
		838B089626EAE5FC00C4E35D /* Assets.xcassets */ = {isa = PBXFileReference; lastKnownFileType = folder.assetcatalog; path = Assets.xcassets; sourceTree = "<group>"; };
		838B089926EAE5FC00C4E35D /* Preview Assets.xcassets */ = {isa = PBXFileReference; lastKnownFileType = folder.assetcatalog; path = "Preview Assets.xcassets"; sourceTree = "<group>"; };
		838B089B26EAE5FC00C4E35D /* Info.plist */ = {isa = PBXFileReference; lastKnownFileType = text.plist.xml; path = Info.plist; sourceTree = "<group>"; };
		838B08A326EAED0400C4E35D /* MapView.swift */ = {isa = PBXFileReference; lastKnownFileType = sourcecode.swift; path = MapView.swift; sourceTree = "<group>"; };
		838B08A526EE6B1200C4E35D /* landmarkData.json */ = {isa = PBXFileReference; fileEncoding = 4; lastKnownFileType = text.json; path = landmarkData.json; sourceTree = "<group>"; };
		838B08A726EE6B4B00C4E35D /* Landmark.swift */ = {isa = PBXFileReference; lastKnownFileType = sourcecode.swift; path = Landmark.swift; sourceTree = "<group>"; };
		838B08A926EE6C7E00C4E35D /* ModelData.swift */ = {isa = PBXFileReference; lastKnownFileType = sourcecode.swift; path = ModelData.swift; sourceTree = "<group>"; };
		838B08B026EE812900C4E35D /* LandmarkRow.swift */ = {isa = PBXFileReference; lastKnownFileType = sourcecode.swift; path = LandmarkRow.swift; sourceTree = "<group>"; };
		838B08B226EE84F700C4E35D /* LandmarkList.swift */ = {isa = PBXFileReference; lastKnownFileType = sourcecode.swift; path = LandmarkList.swift; sourceTree = "<group>"; };
		838B08B626EE898000C4E35D /* CircleImage.swift */ = {isa = PBXFileReference; lastKnownFileType = sourcecode.swift; path = CircleImage.swift; sourceTree = "<group>"; };
		838B08B826EED16500C4E35D /* FavoriteButton.swift */ = {isa = PBXFileReference; lastKnownFileType = sourcecode.swift; path = FavoriteButton.swift; sourceTree = "<group>"; };
/* End PBXFileReference section */

/* Begin PBXFrameworksBuildPhase section */
		838B088C26EAE5FC00C4E35D /* Frameworks */ = {
			isa = PBXFrameworksBuildPhase;
			buildActionMask = 2147483647;
			files = (
			);
			runOnlyForDeploymentPostprocessing = 0;
		};
/* End PBXFrameworksBuildPhase section */

/* Begin PBXGroup section */
		387E36C726F2770F00801167 /* Badges */ = {
			isa = PBXGroup;
			children = (
				387E36C526F2748F00801167 /* Badge.swift */,
				387E36BD26F268A800801167 /* HexagonParameters.swift */,
				387E36BF26F26C2200801167 /* BadgeBackground.swift */,
				387E36C126F2708300801167 /* BadgeSymbol.swift */,
				387E36C326F2740F00801167 /* RotatedBadgeSymbol.swift */,
			);
			path = Badges;
			sourceTree = "<group>";
		};
		838B088626EAE5FB00C4E35D = {
			isa = PBXGroup;
			children = (
				838B089126EAE5FC00C4E35D /* Landmarks */,
				838B089026EAE5FC00C4E35D /* Products */,
			);
			sourceTree = "<group>";
		};
		838B089026EAE5FC00C4E35D /* Products */ = {
			isa = PBXGroup;
			children = (
				838B088F26EAE5FC00C4E35D /* Landmarks.app */,
			);
			name = Products;
			sourceTree = "<group>";
		};
		838B089126EAE5FC00C4E35D /* Landmarks */ = {
			isa = PBXGroup;
			children = (
				838B08AD26EE6DD800C4E35D /* Resources */,
				838B08AC26EE6DCC00C4E35D /* Model */,
				838B08AB26EE6DBD00C4E35D /* Views */,
				838B089226EAE5FC00C4E35D /* LandmarksApp.swift */,
				838B089626EAE5FC00C4E35D /* Assets.xcassets */,
				838B089B26EAE5FC00C4E35D /* Info.plist */,
				838B089826EAE5FC00C4E35D /* Preview Content */,
			);
			path = Landmarks;
			sourceTree = "<group>";
		};
		838B089826EAE5FC00C4E35D /* Preview Content */ = {
			isa = PBXGroup;
			children = (
				838B089926EAE5FC00C4E35D /* Preview Assets.xcassets */,
			);
			path = "Preview Content";
			sourceTree = "<group>";
		};
		838B08AB26EE6DBD00C4E35D /* Views */ = {
			isa = PBXGroup;
			children = (
				387E36C726F2770F00801167 /* Badges */,
				838B08BB26EED1ED00C4E35D /* Landmarks */,
				838B08BA26EED1E600C4E35D /* Helpers */,
				838B089426EAE5FC00C4E35D /* ContentView.swift */,
			);
			path = Views;
			sourceTree = "<group>";
		};
		838B08AC26EE6DCC00C4E35D /* Model */ = {
			isa = PBXGroup;
			children = (
				838B08A726EE6B4B00C4E35D /* Landmark.swift */,
				838B08A926EE6C7E00C4E35D /* ModelData.swift */,
			);
			path = Model;
			sourceTree = "<group>";
		};
		838B08AD26EE6DD800C4E35D /* Resources */ = {
			isa = PBXGroup;
			children = (
				838B08A526EE6B1200C4E35D /* landmarkData.json */,
			);
			path = Resources;
			sourceTree = "<group>";
		};
		838B08BA26EED1E600C4E35D /* Helpers */ = {
			isa = PBXGroup;
			children = (
				838B08A326EAED0400C4E35D /* MapView.swift */,
				838B08B626EE898000C4E35D /* CircleImage.swift */,
				838B08B826EED16500C4E35D /* FavoriteButton.swift */,
			);
			path = Helpers;
			sourceTree = "<group>";
		};
		838B08BB26EED1ED00C4E35D /* Landmarks */ = {
			isa = PBXGroup;
			children = (
				838B08B226EE84F700C4E35D /* LandmarkList.swift */,
				838B08B026EE812900C4E35D /* LandmarkRow.swift */,
				387E36BB26F267DD00801167 /* LandmarkDetail.swift */,
			);
			path = Landmarks;
			sourceTree = "<group>";
		};
/* End PBXGroup section */

/* Begin PBXNativeTarget section */
		838B088E26EAE5FC00C4E35D /* Landmarks */ = {
			isa = PBXNativeTarget;
			buildConfigurationList = 838B089E26EAE5FC00C4E35D /* Build configuration list for PBXNativeTarget "Landmarks" */;
			buildPhases = (
				838B088B26EAE5FC00C4E35D /* Sources */,
				838B088C26EAE5FC00C4E35D /* Frameworks */,
				838B088D26EAE5FC00C4E35D /* Resources */,
			);
			buildRules = (
			);
			dependencies = (
			);
			name = Landmarks;
			productName = Landmarks;
			productReference = 838B088F26EAE5FC00C4E35D /* Landmarks.app */;
			productType = "com.apple.product-type.application";
		};
/* End PBXNativeTarget section */

/* Begin PBXProject section */
		838B088726EAE5FB00C4E35D /* Project object */ = {
			isa = PBXProject;
			attributes = {
				LastSwiftUpdateCheck = 1250;
				LastUpgradeCheck = 1250;
				TargetAttributes = {
					838B088E26EAE5FC00C4E35D = {
						CreatedOnToolsVersion = 12.5.1;
					};
				};
			};
			buildConfigurationList = 838B088A26EAE5FB00C4E35D /* Build configuration list for PBXProject "Landmarks" */;
			compatibilityVersion = "Xcode 9.3";
			developmentRegion = en;
			hasScannedForEncodings = 0;
			knownRegions = (
				en,
				Base,
			);
			mainGroup = 838B088626EAE5FB00C4E35D;
			productRefGroup = 838B089026EAE5FC00C4E35D /* Products */;
			projectDirPath = "";
			projectRoot = "";
			targets = (
				838B088E26EAE5FC00C4E35D /* Landmarks */,
			);
		};
/* End PBXProject section */

/* Begin PBXResourcesBuildPhase section */
		838B088D26EAE5FC00C4E35D /* Resources */ = {
			isa = PBXResourcesBuildPhase;
			buildActionMask = 2147483647;
			files = (
				838B089A26EAE5FC00C4E35D /* Preview Assets.xcassets in Resources */,
				838B089726EAE5FC00C4E35D /* Assets.xcassets in Resources */,
				838B08A626EE6B1200C4E35D /* landmarkData.json in Resources */,
			);
			runOnlyForDeploymentPostprocessing = 0;
		};
/* End PBXResourcesBuildPhase section */

/* Begin PBXSourcesBuildPhase section */
		838B088B26EAE5FC00C4E35D /* Sources */ = {
			isa = PBXSourcesBuildPhase;
			buildActionMask = 2147483647;
			files = (
				838B08A426EAED0400C4E35D /* MapView.swift in Sources */,
				387E36C626F2748F00801167 /* Badge.swift in Sources */,
				838B089526EAE5FC00C4E35D /* ContentView.swift in Sources */,
				838B08B326EE84F700C4E35D /* LandmarkList.swift in Sources */,
				838B08B926EED16500C4E35D /* FavoriteButton.swift in Sources */,
				387E36BE26F268A800801167 /* HexagonParameters.swift in Sources */,
				387E36C426F2740F00801167 /* RotatedBadgeSymbol.swift in Sources */,
				387E36C226F2708300801167 /* BadgeSymbol.swift in Sources */,
				838B089326EAE5FC00C4E35D /* LandmarksApp.swift in Sources */,
				838B08A826EE6B4B00C4E35D /* Landmark.swift in Sources */,
				387E36C026F26C2200801167 /* BadgeBackground.swift in Sources */,
				838B08B126EE812900C4E35D /* LandmarkRow.swift in Sources */,
				838B08AA26EE6C7E00C4E35D /* ModelData.swift in Sources */,
				387E36BC26F267DD00801167 /* LandmarkDetail.swift in Sources */,
				838B08B726EE898000C4E35D /* CircleImage.swift in Sources */,
			);
			runOnlyForDeploymentPostprocessing = 0;
		};
/* End PBXSourcesBuildPhase section */

/* Begin XCBuildConfiguration section */
		838B089C26EAE5FC00C4E35D /* Debug */ = {
			isa = XCBuildConfiguration;
			buildSettings = {
				ALWAYS_SEARCH_USER_PATHS = NO;
				CLANG_ANALYZER_NONNULL = YES;
				CLANG_ANALYZER_NUMBER_OBJECT_CONVERSION = YES_AGGRESSIVE;
				CLANG_CXX_LANGUAGE_STANDARD = "gnu++14";
				CLANG_CXX_LIBRARY = "libc++";
				CLANG_ENABLE_MODULES = YES;
				CLANG_ENABLE_OBJC_ARC = YES;
				CLANG_ENABLE_OBJC_WEAK = YES;
				CLANG_WARN_BLOCK_CAPTURE_AUTORELEASING = YES;
				CLANG_WARN_BOOL_CONVERSION = YES;
				CLANG_WARN_COMMA = YES;
				CLANG_WARN_CONSTANT_CONVERSION = YES;
				CLANG_WARN_DEPRECATED_OBJC_IMPLEMENTATIONS = YES;
				CLANG_WARN_DIRECT_OBJC_ISA_USAGE = YES_ERROR;
				CLANG_WARN_DOCUMENTATION_COMMENTS = YES;
				CLANG_WARN_EMPTY_BODY = YES;
				CLANG_WARN_ENUM_CONVERSION = YES;
				CLANG_WARN_INFINITE_RECURSION = YES;
				CLANG_WARN_INT_CONVERSION = YES;
				CLANG_WARN_NON_LITERAL_NULL_CONVERSION = YES;
				CLANG_WARN_OBJC_IMPLICIT_RETAIN_SELF = YES;
				CLANG_WARN_OBJC_LITERAL_CONVERSION = YES;
				CLANG_WARN_OBJC_ROOT_CLASS = YES_ERROR;
				CLANG_WARN_QUOTED_INCLUDE_IN_FRAMEWORK_HEADER = YES;
				CLANG_WARN_RANGE_LOOP_ANALYSIS = YES;
				CLANG_WARN_STRICT_PROTOTYPES = YES;
				CLANG_WARN_SUSPICIOUS_MOVE = YES;
				CLANG_WARN_UNGUARDED_AVAILABILITY = YES_AGGRESSIVE;
				CLANG_WARN_UNREACHABLE_CODE = YES;
				CLANG_WARN__DUPLICATE_METHOD_MATCH = YES;
				COPY_PHASE_STRIP = NO;
				DEBUG_INFORMATION_FORMAT = dwarf;
				ENABLE_STRICT_OBJC_MSGSEND = YES;
				ENABLE_TESTABILITY = YES;
				GCC_C_LANGUAGE_STANDARD = gnu11;
				GCC_DYNAMIC_NO_PIC = NO;
				GCC_NO_COMMON_BLOCKS = YES;
				GCC_OPTIMIZATION_LEVEL = 0;
				GCC_PREPROCESSOR_DEFINITIONS = (
					"DEBUG=1",
					"$(inherited)",
				);
				GCC_WARN_64_TO_32_BIT_CONVERSION = YES;
				GCC_WARN_ABOUT_RETURN_TYPE = YES_ERROR;
				GCC_WARN_UNDECLARED_SELECTOR = YES;
				GCC_WARN_UNINITIALIZED_AUTOS = YES_AGGRESSIVE;
				GCC_WARN_UNUSED_FUNCTION = YES;
				GCC_WARN_UNUSED_VARIABLE = YES;
				IPHONEOS_DEPLOYMENT_TARGET = 14.5;
				MTL_ENABLE_DEBUG_INFO = INCLUDE_SOURCE;
				MTL_FAST_MATH = YES;
				ONLY_ACTIVE_ARCH = YES;
				SDKROOT = iphoneos;
				SWIFT_ACTIVE_COMPILATION_CONDITIONS = DEBUG;
				SWIFT_OPTIMIZATION_LEVEL = "-Onone";
			};
			name = Debug;
		};
		838B089D26EAE5FC00C4E35D /* Release */ = {
			isa = XCBuildConfiguration;
			buildSettings = {
				ALWAYS_SEARCH_USER_PATHS = NO;
				CLANG_ANALYZER_NONNULL = YES;
				CLANG_ANALYZER_NUMBER_OBJECT_CONVERSION = YES_AGGRESSIVE;
				CLANG_CXX_LANGUAGE_STANDARD = "gnu++14";
				CLANG_CXX_LIBRARY = "libc++";
				CLANG_ENABLE_MODULES = YES;
				CLANG_ENABLE_OBJC_ARC = YES;
				CLANG_ENABLE_OBJC_WEAK = YES;
				CLANG_WARN_BLOCK_CAPTURE_AUTORELEASING = YES;
				CLANG_WARN_BOOL_CONVERSION = YES;
				CLANG_WARN_COMMA = YES;
				CLANG_WARN_CONSTANT_CONVERSION = YES;
				CLANG_WARN_DEPRECATED_OBJC_IMPLEMENTATIONS = YES;
				CLANG_WARN_DIRECT_OBJC_ISA_USAGE = YES_ERROR;
				CLANG_WARN_DOCUMENTATION_COMMENTS = YES;
				CLANG_WARN_EMPTY_BODY = YES;
				CLANG_WARN_ENUM_CONVERSION = YES;
				CLANG_WARN_INFINITE_RECURSION = YES;
				CLANG_WARN_INT_CONVERSION = YES;
				CLANG_WARN_NON_LITERAL_NULL_CONVERSION = YES;
				CLANG_WARN_OBJC_IMPLICIT_RETAIN_SELF = YES;
				CLANG_WARN_OBJC_LITERAL_CONVERSION = YES;
				CLANG_WARN_OBJC_ROOT_CLASS = YES_ERROR;
				CLANG_WARN_QUOTED_INCLUDE_IN_FRAMEWORK_HEADER = YES;
				CLANG_WARN_RANGE_LOOP_ANALYSIS = YES;
				CLANG_WARN_STRICT_PROTOTYPES = YES;
				CLANG_WARN_SUSPICIOUS_MOVE = YES;
				CLANG_WARN_UNGUARDED_AVAILABILITY = YES_AGGRESSIVE;
				CLANG_WARN_UNREACHABLE_CODE = YES;
				CLANG_WARN__DUPLICATE_METHOD_MATCH = YES;
				COPY_PHASE_STRIP = NO;
				DEBUG_INFORMATION_FORMAT = "dwarf-with-dsym";
				ENABLE_NS_ASSERTIONS = NO;
				ENABLE_STRICT_OBJC_MSGSEND = YES;
				GCC_C_LANGUAGE_STANDARD = gnu11;
				GCC_NO_COMMON_BLOCKS = YES;
				GCC_WARN_64_TO_32_BIT_CONVERSION = YES;
				GCC_WARN_ABOUT_RETURN_TYPE = YES_ERROR;
				GCC_WARN_UNDECLARED_SELECTOR = YES;
				GCC_WARN_UNINITIALIZED_AUTOS = YES_AGGRESSIVE;
				GCC_WARN_UNUSED_FUNCTION = YES;
				GCC_WARN_UNUSED_VARIABLE = YES;
				IPHONEOS_DEPLOYMENT_TARGET = 14.5;
				MTL_ENABLE_DEBUG_INFO = NO;
				MTL_FAST_MATH = YES;
				SDKROOT = iphoneos;
				SWIFT_COMPILATION_MODE = wholemodule;
				SWIFT_OPTIMIZATION_LEVEL = "-O";
				VALIDATE_PRODUCT = YES;
			};
			name = Release;
		};
		838B089F26EAE5FC00C4E35D /* Debug */ = {
			isa = XCBuildConfiguration;
			buildSettings = {
				ASSETCATALOG_COMPILER_APPICON_NAME = AppIcon;
				ASSETCATALOG_COMPILER_GLOBAL_ACCENT_COLOR_NAME = AccentColor;
				CODE_SIGN_STYLE = Automatic;
				DEVELOPMENT_ASSET_PATHS = "\"Landmarks/Preview Content\"";
				DEVELOPMENT_TEAM = 84LWTY6T5F;
				ENABLE_PREVIEWS = YES;
				INFOPLIST_FILE = Landmarks/Info.plist;
				IPHONEOS_DEPLOYMENT_TARGET = 14.0;
				LD_RUNPATH_SEARCH_PATHS = (
					"$(inherited)",
					"@executable_path/Frameworks",
				);
				PRODUCT_BUNDLE_IDENTIFIER = com.DocsApps.Landmarks;
				PRODUCT_NAME = "$(TARGET_NAME)";
				SWIFT_VERSION = 5.0;
				TARGETED_DEVICE_FAMILY = "1,2";
			};
			name = Debug;
		};
		838B08A026EAE5FC00C4E35D /* Release */ = {
			isa = XCBuildConfiguration;
			buildSettings = {
				ASSETCATALOG_COMPILER_APPICON_NAME = AppIcon;
				ASSETCATALOG_COMPILER_GLOBAL_ACCENT_COLOR_NAME = AccentColor;
				CODE_SIGN_STYLE = Automatic;
				DEVELOPMENT_ASSET_PATHS = "\"Landmarks/Preview Content\"";
				DEVELOPMENT_TEAM = 84LWTY6T5F;
				ENABLE_PREVIEWS = YES;
				INFOPLIST_FILE = Landmarks/Info.plist;
				IPHONEOS_DEPLOYMENT_TARGET = 14.0;
				LD_RUNPATH_SEARCH_PATHS = (
					"$(inherited)",
					"@executable_path/Frameworks",
				);
				PRODUCT_BUNDLE_IDENTIFIER = com.DocsApps.Landmarks;
				PRODUCT_NAME = "$(TARGET_NAME)";
				SWIFT_VERSION = 5.0;
				TARGETED_DEVICE_FAMILY = "1,2";
			};
			name = Release;
		};
/* End XCBuildConfiguration section */

/* Begin XCConfigurationList section */
		838B088A26EAE5FB00C4E35D /* Build configuration list for PBXProject "Landmarks" */ = {
			isa = XCConfigurationList;
			buildConfigurations = (
				838B089C26EAE5FC00C4E35D /* Debug */,
				838B089D26EAE5FC00C4E35D /* Release */,
			);
			defaultConfigurationIsVisible = 0;
			defaultConfigurationName = Release;
		};
		838B089E26EAE5FC00C4E35D /* Build configuration list for PBXNativeTarget "Landmarks" */ = {
			isa = XCConfigurationList;
			buildConfigurations = (
				838B089F26EAE5FC00C4E35D /* Debug */,
				838B08A026EAE5FC00C4E35D /* Release */,
			);
			defaultConfigurationIsVisible = 0;
			defaultConfigurationName = Release;
		};
/* End XCConfigurationList section */
	};
	rootObject = 838B088726EAE5FB00C4E35D /* Project object */;
}
